
Microsoft Visual Studio Solution File, Format Version 12.00
# Visual Studio 15
VisualStudioVersion = 15.0.28307.421
MinimumVisualStudioVersion = 10.0.40219.1
Project("{FAE04EC0-301F-11D3-BF4B-00C04F79EFBC}") = "Pokebook.web", "Pokebook.web\Pokebook.web.csproj", "{79CF12F2-39EF-404D-AFB3-D9E8EE8AFD9C}"
EndProject
Project("{FAE04EC0-301F-11D3-BF4B-00C04F79EFBC}") = "Pokebook.api", "Pokebook.api\Pokebook.api.csproj", "{938435F6-494D-4CCA-831A-FCBCE61B62A2}"
EndProject
Global
	GlobalSection(SolutionConfigurationPlatforms) = preSolution
		Debug|Any CPU = Debug|Any CPU
		Release|Any CPU = Release|Any CPU
	EndGlobalSection
	GlobalSection(ProjectConfigurationPlatforms) = postSolution
		{79CF12F2-39EF-404D-AFB3-D9E8EE8AFD9C}.Debug|Any CPU.ActiveCfg = Debug|Any CPU
		{79CF12F2-39EF-404D-AFB3-D9E8EE8AFD9C}.Debug|Any CPU.Build.0 = Debug|Any CPU
		{79CF12F2-39EF-404D-AFB3-D9E8EE8AFD9C}.Release|Any CPU.ActiveCfg = Release|Any CPU
		{79CF12F2-39EF-404D-AFB3-D9E8EE8AFD9C}.Release|Any CPU.Build.0 = Release|Any CPU
		{938435F6-494D-4CCA-831A-FCBCE61B62A2}.Debug|Any CPU.ActiveCfg = Debug|Any CPU
		{938435F6-494D-4CCA-831A-FCBCE61B62A2}.Debug|Any CPU.Build.0 = Debug|Any CPU
		{938435F6-494D-4CCA-831A-FCBCE61B62A2}.Release|Any CPU.ActiveCfg = Release|Any CPU
		{938435F6-494D-4CCA-831A-FCBCE61B62A2}.Release|Any CPU.Build.0 = Release|Any CPU
	EndGlobalSection
	GlobalSection(SolutionProperties) = preSolution
		HideSolutionNode = FALSE
	EndGlobalSection
	GlobalSection(ExtensibilityGlobals) = postSolution
		SolutionGuid = {38B7ABF5-EDB1-4D97-9A19-B0574CA9EEA1}
	EndGlobalSection
EndGlobal
